
Microsoft Visual Studio Solution File, Format Version 12.00
# Visual Studio Version 16
VisualStudioVersion = 16.0.30104.148
MinimumVisualStudioVersion = 10.0.40219.1
Project("{FAE04EC0-301F-11D3-BF4B-00C04F79EFBC}") = "BreakoutSession01ConsoleUI", "BreakoutSession01ConsoleUI\BreakoutSession01ConsoleUI.csproj", "{29B25AE4-8E5A-4A4E-A5D1-B89AE6A0601F}"
EndProject
Global
	GlobalSection(SolutionConfigurationPlatforms) = preSolution
		Debug|Any CPU = Debug|Any CPU
		Release|Any CPU = Release|Any CPU
	EndGlobalSection
	GlobalSection(ProjectConfigurationPlatforms) = postSolution
		{29B25AE4-8E5A-4A4E-A5D1-B89AE6A0601F}.Debug|Any CPU.ActiveCfg = Debug|Any CPU
		{29B25AE4-8E5A-4A4E-A5D1-B89AE6A0601F}.Debug|Any CPU.Build.0 = Debug|Any CPU
		{29B25AE4-8E5A-4A4E-A5D1-B89AE6A0601F}.Release|Any CPU.ActiveCfg = Release|Any CPU
		{29B25AE4-8E5A-4A4E-A5D1-B89AE6A0601F}.Release|Any CPU.Build.0 = Release|Any CPU
	EndGlobalSection
	GlobalSection(SolutionProperties) = preSolution
		HideSolutionNode = FALSE
	EndGlobalSection
	GlobalSection(ExtensibilityGlobals) = postSolution
		SolutionGuid = {1AE77661-0379-4E90-BCF8-5336E31AA6A7}
	EndGlobalSection
EndGlobal
